
Microsoft Visual Studio Solution File, Format Version 12.00
# Visual Studio Version 16
VisualStudioVersion = 16.0.31005.135
MinimumVisualStudioVersion = 10.0.40219.1
Project("{FAE04EC0-301F-11D3-BF4B-00C04F79EFBC}") = "string_pra", "string_pra\string_pra.csproj", "{26FA0A1B-36B2-40B5-BD9B-07E5D68E0BE8}"
EndProject
Global
	GlobalSection(SolutionConfigurationPlatforms) = preSolution
		Debug|Any CPU = Debug|Any CPU
		Release|Any CPU = Release|Any CPU
	EndGlobalSection
	GlobalSection(ProjectConfigurationPlatforms) = postSolution
		{26FA0A1B-36B2-40B5-BD9B-07E5D68E0BE8}.Debug|Any CPU.ActiveCfg = Debug|Any CPU
		{26FA0A1B-36B2-40B5-BD9B-07E5D68E0BE8}.Debug|Any CPU.Build.0 = Debug|Any CPU
		{26FA0A1B-36B2-40B5-BD9B-07E5D68E0BE8}.Release|Any CPU.ActiveCfg = Release|Any CPU
		{26FA0A1B-36B2-40B5-BD9B-07E5D68E0BE8}.Release|Any CPU.Build.0 = Release|Any CPU
	EndGlobalSection
	GlobalSection(SolutionProperties) = preSolution
		HideSolutionNode = FALSE
	EndGlobalSection
	GlobalSection(ExtensibilityGlobals) = postSolution
		SolutionGuid = {2FF8979A-660A-4F5B-A3AF-2B5A91D435BD}
	EndGlobalSection
EndGlobal
