
Microsoft Visual Studio Solution File, Format Version 12.00
# Visual Studio Version 16
VisualStudioVersion = 16.0.31005.135
MinimumVisualStudioVersion = 10.0.40219.1
Project("{FAE04EC0-301F-11D3-BF4B-00C04F79EFBC}") = "grade", "grade\grade.csproj", "{264CDFFA-E7A9-42C2-B1C7-9300FB315636}"
EndProject
Global
	GlobalSection(SolutionConfigurationPlatforms) = preSolution
		Debug|Any CPU = Debug|Any CPU
		Release|Any CPU = Release|Any CPU
	EndGlobalSection
	GlobalSection(ProjectConfigurationPlatforms) = postSolution
		{264CDFFA-E7A9-42C2-B1C7-9300FB315636}.Debug|Any CPU.ActiveCfg = Debug|Any CPU
		{264CDFFA-E7A9-42C2-B1C7-9300FB315636}.Debug|Any CPU.Build.0 = Debug|Any CPU
		{264CDFFA-E7A9-42C2-B1C7-9300FB315636}.Release|Any CPU.ActiveCfg = Release|Any CPU
		{264CDFFA-E7A9-42C2-B1C7-9300FB315636}.Release|Any CPU.Build.0 = Release|Any CPU
	EndGlobalSection
	GlobalSection(SolutionProperties) = preSolution
		HideSolutionNode = FALSE
	EndGlobalSection
	GlobalSection(ExtensibilityGlobals) = postSolution
		SolutionGuid = {C75E4E71-C94F-42CC-8795-52C9A65DEC4E}
	EndGlobalSection
EndGlobal
